
Microsoft Visual Studio Solution File, Format Version 12.00
# Visual Studio Version 17
VisualStudioVersion = 17.1.32210.238
MinimumVisualStudioVersion = 10.0.40219.1
Project("{FAE04EC0-301F-11D3-BF4B-00C04F79EFBC}") = "KeithleyControl", "KeithleyControl.csproj", "{2B8231A1-3EC3-483C-A775-4650FF3FEB32}"
EndProject
Global
	GlobalSection(SolutionConfigurationPlatforms) = preSolution
		Debug|Any CPU = Debug|Any CPU
		Release|Any CPU = Release|Any CPU
	EndGlobalSection
	GlobalSection(ProjectConfigurationPlatforms) = postSolution
		{2B8231A1-3EC3-483C-A775-4650FF3FEB32}.Debug|Any CPU.ActiveCfg = Debug|Any CPU
		{2B8231A1-3EC3-483C-A775-4650FF3FEB32}.Debug|Any CPU.Build.0 = Debug|Any CPU
		{2B8231A1-3EC3-483C-A775-4650FF3FEB32}.Release|Any CPU.ActiveCfg = Release|Any CPU
		{2B8231A1-3EC3-483C-A775-4650FF3FEB32}.Release|Any CPU.Build.0 = Release|Any CPU
	EndGlobalSection
	GlobalSection(SolutionProperties) = preSolution
		HideSolutionNode = FALSE
	EndGlobalSection
	GlobalSection(ExtensibilityGlobals) = postSolution
		SolutionGuid = {75C666AF-995F-45D6-8030-37793CEA5E0E}
	EndGlobalSection
EndGlobal
